
Microsoft Visual Studio Solution File, Format Version 12.00
# Visual Studio Version 16
VisualStudioVersion = 16.0.30523.141
MinimumVisualStudioVersion = 10.0.40219.1
Project("{FAE04EC0-301F-11D3-BF4B-00C04F79EFBC}") = "TryGrpc", "TryGrpc\TryGrpc.csproj", "{6116D4BB-4FA7-4AA7-9C90-9C0FBCB3A86E}"
EndProject
Project("{FAE04EC0-301F-11D3-BF4B-00C04F79EFBC}") = "TryConsole", "TryConsole\TryConsole.csproj", "{37CE5DD5-7187-4B3D-A5F9-FF0E6777014B}"
EndProject
Global
	GlobalSection(SolutionConfigurationPlatforms) = preSolution
		Debug|Any CPU = Debug|Any CPU
		Release|Any CPU = Release|Any CPU
	EndGlobalSection
	GlobalSection(ProjectConfigurationPlatforms) = postSolution
		{6116D4BB-4FA7-4AA7-9C90-9C0FBCB3A86E}.Debug|Any CPU.ActiveCfg = Debug|Any CPU
		{6116D4BB-4FA7-4AA7-9C90-9C0FBCB3A86E}.Debug|Any CPU.Build.0 = Debug|Any CPU
		{6116D4BB-4FA7-4AA7-9C90-9C0FBCB3A86E}.Release|Any CPU.ActiveCfg = Release|Any CPU
		{6116D4BB-4FA7-4AA7-9C90-9C0FBCB3A86E}.Release|Any CPU.Build.0 = Release|Any CPU
		{37CE5DD5-7187-4B3D-A5F9-FF0E6777014B}.Debug|Any CPU.ActiveCfg = Debug|Any CPU
		{37CE5DD5-7187-4B3D-A5F9-FF0E6777014B}.Debug|Any CPU.Build.0 = Debug|Any CPU
		{37CE5DD5-7187-4B3D-A5F9-FF0E6777014B}.Release|Any CPU.ActiveCfg = Release|Any CPU
		{37CE5DD5-7187-4B3D-A5F9-FF0E6777014B}.Release|Any CPU.Build.0 = Release|Any CPU
	EndGlobalSection
	GlobalSection(SolutionProperties) = preSolution
		HideSolutionNode = FALSE
	EndGlobalSection
	GlobalSection(ExtensibilityGlobals) = postSolution
		SolutionGuid = {AFAC8503-4CDF-4B18-A5BB-01481A8D4385}
	EndGlobalSection
EndGlobal
