
Microsoft Visual Studio Solution File, Format Version 12.00
# Visual Studio Version 16
VisualStudioVersion = 16.0.30128.74
MinimumVisualStudioVersion = 10.0.40219.1
Project("{9A19103F-16F7-4668-BE54-9A1E7A4F7556}") = "TryWindowsForms", "TryWindowsForms\TryWindowsForms.csproj", "{A1C664B1-C19C-4C58-954B-E3F7EC637D71}"
EndProject
Global
	GlobalSection(SolutionConfigurationPlatforms) = preSolution
		Debug|Any CPU = Debug|Any CPU
		Release|Any CPU = Release|Any CPU
	EndGlobalSection
	GlobalSection(ProjectConfigurationPlatforms) = postSolution
		{A1C664B1-C19C-4C58-954B-E3F7EC637D71}.Debug|Any CPU.ActiveCfg = Debug|Any CPU
		{A1C664B1-C19C-4C58-954B-E3F7EC637D71}.Debug|Any CPU.Build.0 = Debug|Any CPU
		{A1C664B1-C19C-4C58-954B-E3F7EC637D71}.Release|Any CPU.ActiveCfg = Release|Any CPU
		{A1C664B1-C19C-4C58-954B-E3F7EC637D71}.Release|Any CPU.Build.0 = Release|Any CPU
	EndGlobalSection
	GlobalSection(SolutionProperties) = preSolution
		HideSolutionNode = FALSE
	EndGlobalSection
	GlobalSection(ExtensibilityGlobals) = postSolution
		SolutionGuid = {E95D9902-AA40-4DD6-AB6F-A07DD17E94DB}
	EndGlobalSection
EndGlobal
