
Microsoft Visual Studio Solution File, Format Version 12.00
# Visual Studio Version 16
VisualStudioVersion = 16.0.30128.74
MinimumVisualStudioVersion = 10.0.40219.1
Project("{FAE04EC0-301F-11D3-BF4B-00C04F79EFBC}") = "TryMachineLearning", "TryMachineLearning\TryMachineLearning.csproj", "{E22AB962-9D4F-4F39-866F-452CC8BD1AED}"
EndProject
Project("{9A19103F-16F7-4668-BE54-9A1E7A4F7556}") = "TryMachineLearningML.Model", "TryMachineLearningML.Model\TryMachineLearningML.Model.csproj", "{59814D0D-02B9-4AE1-80CA-475E03BD273F}"
EndProject
Project("{9A19103F-16F7-4668-BE54-9A1E7A4F7556}") = "TryMachineLearningML.ConsoleApp", "TryMachineLearningML.ConsoleApp\TryMachineLearningML.ConsoleApp.csproj", "{D01DA347-822D-42A3-A9F3-FFC379CAC006}"
EndProject
Global
	GlobalSection(SolutionConfigurationPlatforms) = preSolution
		Debug|Any CPU = Debug|Any CPU
		Release|Any CPU = Release|Any CPU
	EndGlobalSection
	GlobalSection(ProjectConfigurationPlatforms) = postSolution
		{E22AB962-9D4F-4F39-866F-452CC8BD1AED}.Debug|Any CPU.ActiveCfg = Debug|Any CPU
		{E22AB962-9D4F-4F39-866F-452CC8BD1AED}.Debug|Any CPU.Build.0 = Debug|Any CPU
		{E22AB962-9D4F-4F39-866F-452CC8BD1AED}.Release|Any CPU.ActiveCfg = Release|Any CPU
		{E22AB962-9D4F-4F39-866F-452CC8BD1AED}.Release|Any CPU.Build.0 = Release|Any CPU
		{59814D0D-02B9-4AE1-80CA-475E03BD273F}.Debug|Any CPU.ActiveCfg = Debug|Any CPU
		{59814D0D-02B9-4AE1-80CA-475E03BD273F}.Debug|Any CPU.Build.0 = Debug|Any CPU
		{59814D0D-02B9-4AE1-80CA-475E03BD273F}.Release|Any CPU.ActiveCfg = Release|Any CPU
		{59814D0D-02B9-4AE1-80CA-475E03BD273F}.Release|Any CPU.Build.0 = Release|Any CPU
		{D01DA347-822D-42A3-A9F3-FFC379CAC006}.Debug|Any CPU.ActiveCfg = Debug|Any CPU
		{D01DA347-822D-42A3-A9F3-FFC379CAC006}.Debug|Any CPU.Build.0 = Debug|Any CPU
		{D01DA347-822D-42A3-A9F3-FFC379CAC006}.Release|Any CPU.ActiveCfg = Release|Any CPU
		{D01DA347-822D-42A3-A9F3-FFC379CAC006}.Release|Any CPU.Build.0 = Release|Any CPU
	EndGlobalSection
	GlobalSection(SolutionProperties) = preSolution
		HideSolutionNode = FALSE
	EndGlobalSection
	GlobalSection(ExtensibilityGlobals) = postSolution
		SolutionGuid = {0F56C5C1-9083-4A56-93A5-3A1E24BB762D}
	EndGlobalSection
EndGlobal
