
Microsoft Visual Studio Solution File, Format Version 12.00
# Visual Studio Version 16
VisualStudioVersion = 16.0.30523.141
MinimumVisualStudioVersion = 10.0.40219.1
Project("{9A19103F-16F7-4668-BE54-9A1E7A4F7556}") = "TryWpf", "TryWpf\TryWpf.csproj", "{4BAF2FB0-DB47-4AD0-871C-384004917724}"
EndProject
Project("{FAE04EC0-301F-11D3-BF4B-00C04F79EFBC}") = "ExpenseIt", "ExpenseIt\ExpenseIt.csproj", "{A7B7103F-C6EC-4C41-BF64-C8D96B60D252}"
EndProject
Global
	GlobalSection(SolutionConfigurationPlatforms) = preSolution
		Debug|Any CPU = Debug|Any CPU
		Release|Any CPU = Release|Any CPU
	EndGlobalSection
	GlobalSection(ProjectConfigurationPlatforms) = postSolution
		{4BAF2FB0-DB47-4AD0-871C-384004917724}.Debug|Any CPU.ActiveCfg = Debug|Any CPU
		{4BAF2FB0-DB47-4AD0-871C-384004917724}.Debug|Any CPU.Build.0 = Debug|Any CPU
		{4BAF2FB0-DB47-4AD0-871C-384004917724}.Release|Any CPU.ActiveCfg = Release|Any CPU
		{4BAF2FB0-DB47-4AD0-871C-384004917724}.Release|Any CPU.Build.0 = Release|Any CPU
		{A7B7103F-C6EC-4C41-BF64-C8D96B60D252}.Debug|Any CPU.ActiveCfg = Debug|Any CPU
		{A7B7103F-C6EC-4C41-BF64-C8D96B60D252}.Debug|Any CPU.Build.0 = Debug|Any CPU
		{A7B7103F-C6EC-4C41-BF64-C8D96B60D252}.Release|Any CPU.ActiveCfg = Release|Any CPU
		{A7B7103F-C6EC-4C41-BF64-C8D96B60D252}.Release|Any CPU.Build.0 = Release|Any CPU
	EndGlobalSection
	GlobalSection(SolutionProperties) = preSolution
		HideSolutionNode = FALSE
	EndGlobalSection
	GlobalSection(ExtensibilityGlobals) = postSolution
		SolutionGuid = {D142CA87-260A-47BF-AA2D-1397209194E4}
	EndGlobalSection
EndGlobal
