
Microsoft Visual Studio Solution File, Format Version 12.00
# Visual Studio Version 16
VisualStudioVersion = 16.0.30523.141
MinimumVisualStudioVersion = 10.0.40219.1
Project("{9A19103F-16F7-4668-BE54-9A1E7A4F7556}") = "TryWpf", "TryWpf\TryWpf.csproj", "{4BAF2FB0-DB47-4AD0-871C-384004917724}"
EndProject
Project("{9A19103F-16F7-4668-BE54-9A1E7A4F7556}") = "ExpenseIt", "ExpenseIt\ExpenseIt.csproj", "{A7B7103F-C6EC-4C41-BF64-C8D96B60D252}"
EndProject
Project("{9A19103F-16F7-4668-BE54-9A1E7A4F7556}") = "TryDevExpress", "TryDevExpress\TryDevExpress.csproj", "{399F03DB-8C9B-42BC-93F3-14FAEB25E8D3}"
EndProject
Project("{9A19103F-16F7-4668-BE54-9A1E7A4F7556}") = "TryMvvm", "TryMvvm\TryMvvm.csproj", "{A2723F6C-E7FF-4032-B6BA-022FF29763B5}"
EndProject
Project("{FAE04EC0-301F-11D3-BF4B-00C04F79EFBC}") = "Torrent", "Torrent\Torrent.csproj", "{AB4A10BB-C465-4EA6-933D-7589F7D63B67}"
EndProject
Global
	GlobalSection(SolutionConfigurationPlatforms) = preSolution
		Debug|Any CPU = Debug|Any CPU
		Release|Any CPU = Release|Any CPU
	EndGlobalSection
	GlobalSection(ProjectConfigurationPlatforms) = postSolution
		{4BAF2FB0-DB47-4AD0-871C-384004917724}.Debug|Any CPU.ActiveCfg = Debug|Any CPU
		{4BAF2FB0-DB47-4AD0-871C-384004917724}.Debug|Any CPU.Build.0 = Debug|Any CPU
		{4BAF2FB0-DB47-4AD0-871C-384004917724}.Release|Any CPU.ActiveCfg = Release|Any CPU
		{4BAF2FB0-DB47-4AD0-871C-384004917724}.Release|Any CPU.Build.0 = Release|Any CPU
		{A7B7103F-C6EC-4C41-BF64-C8D96B60D252}.Debug|Any CPU.ActiveCfg = Debug|Any CPU
		{A7B7103F-C6EC-4C41-BF64-C8D96B60D252}.Debug|Any CPU.Build.0 = Debug|Any CPU
		{A7B7103F-C6EC-4C41-BF64-C8D96B60D252}.Release|Any CPU.ActiveCfg = Release|Any CPU
		{A7B7103F-C6EC-4C41-BF64-C8D96B60D252}.Release|Any CPU.Build.0 = Release|Any CPU
		{399F03DB-8C9B-42BC-93F3-14FAEB25E8D3}.Debug|Any CPU.ActiveCfg = Debug|Any CPU
		{399F03DB-8C9B-42BC-93F3-14FAEB25E8D3}.Debug|Any CPU.Build.0 = Debug|Any CPU
		{399F03DB-8C9B-42BC-93F3-14FAEB25E8D3}.Release|Any CPU.ActiveCfg = Release|Any CPU
		{399F03DB-8C9B-42BC-93F3-14FAEB25E8D3}.Release|Any CPU.Build.0 = Release|Any CPU
		{A2723F6C-E7FF-4032-B6BA-022FF29763B5}.Debug|Any CPU.ActiveCfg = Debug|Any CPU
		{A2723F6C-E7FF-4032-B6BA-022FF29763B5}.Debug|Any CPU.Build.0 = Debug|Any CPU
		{A2723F6C-E7FF-4032-B6BA-022FF29763B5}.Release|Any CPU.ActiveCfg = Release|Any CPU
		{A2723F6C-E7FF-4032-B6BA-022FF29763B5}.Release|Any CPU.Build.0 = Release|Any CPU
		{AB4A10BB-C465-4EA6-933D-7589F7D63B67}.Debug|Any CPU.ActiveCfg = Debug|Any CPU
		{AB4A10BB-C465-4EA6-933D-7589F7D63B67}.Debug|Any CPU.Build.0 = Debug|Any CPU
		{AB4A10BB-C465-4EA6-933D-7589F7D63B67}.Release|Any CPU.ActiveCfg = Release|Any CPU
		{AB4A10BB-C465-4EA6-933D-7589F7D63B67}.Release|Any CPU.Build.0 = Release|Any CPU
	EndGlobalSection
	GlobalSection(SolutionProperties) = preSolution
		HideSolutionNode = FALSE
	EndGlobalSection
	GlobalSection(ExtensibilityGlobals) = postSolution
		SolutionGuid = {D142CA87-260A-47BF-AA2D-1397209194E4}
	EndGlobalSection
EndGlobal
